
Microsoft Visual Studio Solution File, Format Version 12.00
# Visual Studio Version 17
VisualStudioVersion = 17.2.32630.192
MinimumVisualStudioVersion = 10.0.40219.1
Project("{FAE04EC0-301F-11D3-BF4B-00C04F79EFBC}") = "Wox.Plugin.DevelSandbox", "Wox.Plugin.DevelSandbox.csproj", "{AE354F7A-8DA5-426D-B74A-6761A180B07D}"
EndProject
Global
	GlobalSection(SolutionConfigurationPlatforms) = preSolution
		Debug|Any CPU = Debug|Any CPU
		Release|Any CPU = Release|Any CPU
	EndGlobalSection
	GlobalSection(ProjectConfigurationPlatforms) = postSolution
		{AE354F7A-8DA5-426D-B74A-6761A180B07D}.Debug|Any CPU.ActiveCfg = Debug|Any CPU
		{AE354F7A-8DA5-426D-B74A-6761A180B07D}.Debug|Any CPU.Build.0 = Debug|Any CPU
		{AE354F7A-8DA5-426D-B74A-6761A180B07D}.Release|Any CPU.ActiveCfg = Release|Any CPU
		{AE354F7A-8DA5-426D-B74A-6761A180B07D}.Release|Any CPU.Build.0 = Release|Any CPU
	EndGlobalSection
	GlobalSection(SolutionProperties) = preSolution
		HideSolutionNode = FALSE
	EndGlobalSection
	GlobalSection(ExtensibilityGlobals) = postSolution
		SolutionGuid = {C66F3A4F-9025-4197-B3E6-58A2ABFFAA07}
	EndGlobalSection
EndGlobal
